
Microsoft Visual Studio Solution File, Format Version 12.00
# Visual Studio Version 17
VisualStudioVersion = 17.7.34024.191
MinimumVisualStudioVersion = 10.0.40219.1
Project("{9A19103F-16F7-4668-BE54-9A1E7A4F7556}") = "MountainHoneyApp", "MountainHoneyApp.csproj", "{F69CB624-9BFA-4FF0-A7A5-51453961136A}"
EndProject
Global
	GlobalSection(SolutionConfigurationPlatforms) = preSolution
		Debug|Any CPU = Debug|Any CPU
		Release|Any CPU = Release|Any CPU
	EndGlobalSection
	GlobalSection(ProjectConfigurationPlatforms) = postSolution
		{F69CB624-9BFA-4FF0-A7A5-51453961136A}.Debug|Any CPU.ActiveCfg = Debug|Any CPU
		{F69CB624-9BFA-4FF0-A7A5-51453961136A}.Debug|Any CPU.Build.0 = Debug|Any CPU
		{F69CB624-9BFA-4FF0-A7A5-51453961136A}.Release|Any CPU.ActiveCfg = Release|Any CPU
		{F69CB624-9BFA-4FF0-A7A5-51453961136A}.Release|Any CPU.Build.0 = Release|Any CPU
	EndGlobalSection
	GlobalSection(SolutionProperties) = preSolution
		HideSolutionNode = FALSE
	EndGlobalSection
	GlobalSection(ExtensibilityGlobals) = postSolution
		SolutionGuid = {B7DFCD8A-6439-4D86-9922-4629F66C9C75}
	EndGlobalSection
EndGlobal
